PODS:
  - NMSSH (2.3.1)
  - PwGen (1.0.2)
  - Sparkle (1.23.0)

DEPENDENCIES:
  - NMSSH
  - PwGen
  - Sparkle

SPEC REPOS:
  trunk:
    - NMSSH
    - PwGen
    - Sparkle

SPEC CHECKSUMS:
  NMSSH: cd689ae535a1581a6dd9fd4600ff71247df510a6
  PwGen: c84dba4d6961cfbce08e9cd64013be9f4d3812ca
  Sparkle: 55b1a87ba69d56913375a281546b7c82dec95bb0

PODFILE CHECKSUM: 029a9839b9732c396b624abefed8f98458a37540

COCOAPODS: 1.8.4
