PODS:
  - NMSSH (2.3.1)
  - Sparkle (1.26.0)

DEPENDENCIES:
  - NMSSH
  - Sparkle

SPEC REPOS:
  trunk:
    - NMSSH
    - Sparkle

SPEC CHECKSUMS:
  NMSSH: cd689ae535a1581a6dd9fd4600ff71247df510a6
  Sparkle: d56d028f4b0c123577825f5d1004f6140d77f90e

PODFILE CHECKSUM: 9077ee1d8794d86683c19a9d24109ae90e366ca8

COCOAPODS: 1.10.1
