{
  "pins" : [
    {
      "identity" : "bluesocket",
      "kind" : "remoteSourceControl",
      "location" : "https://github.com/IBM-Swift/BlueSocket",
      "state" : {
        "revision" : "c9894fd117457f1d006575fbfb2fdfd6f79eac03",
        "version" : "1.0.200"
      }
    },
    {
      "identity" : "grdb.swift",
      "kind" : "remoteSourceControl",
      "location" : "https://github.com/groue/GRDB.swift.git",
      "state" : {
        "revision" : "5ee47c3c2765bdfde0f44c2ea9a263f6aa252d63",
        "version" : "4.14.0"
      }
    },
    {
      "identity" : "ink",
      "kind" : "remoteSourceControl",
      "location" : "https://github.com/johnsundell/ink.git",
      "state" : {
        "revision" : "77c3d8953374a9cf5418ef0bd7108524999de85a",
        "version" : "0.5.1"
      }
    },
    {
      "identity" : "keychain-swift",
      "kind" : "remoteSourceControl",
      "location" : "https://github.com/evgenyneu/keychain-swift.git",
      "state" : {
        "revision" : "96fb84f45a96630e7583903bd7e08cf095c7a7ef",
        "version" : "19.0.0"
      }
    },
    {
      "identity" : "shout",
      "kind" : "remoteSourceControl",
      "location" : "https://github.com/jakeheis/Shout",
      "state" : {
        "revision" : "fbcae228bc68d5e2352f0790079995d27b610dbc",
        "version" : "0.5.7"
      }
    }
  ],
  "version" : 2
}
